# This file is autogenerated, do not edit; changes may be undone by the next 'dep ensure'.


[[projects]]
  digest = "1:9f3b30d9f8e0d7040f729b82dcbc8f0dead820a133b3147ce355fc451f32d761"
  name = "github.com/BurntSushi/toml"
  packages = ["."]
  pruneopts = "UT"
  revision = "3012a1dbe2e4bd1391d42b32f0577cb7bbc7f005"
  version = "v0.3.1"

[[projects]]
  digest = "1:a62f6ed230a8cd138a9efbe718e7d0b0294f139266f5f55cd942769a9aac8de2"
  name = "github.com/PuerkitoBio/goquery"
  packages = ["."]
  pruneopts = "UT"
  revision = "dc2ec5c7ca4d9aae063b79b9f581dd3ea6afd2b2"
  version = "v1.4.1"

[[projects]]
  digest = "1:66b3310cf22cdc96c35ef84ede4f7b9b370971c4025f394c89a2638729653b11"
  name = "github.com/andybalholm/cascadia"
  packages = ["."]
  pruneopts = "UT"
  revision = "901648c87902174f774fac311d7f176f8647bdaa"
  version = "v1.0.0"

[[projects]]
  branch = "master"
  digest = "1:1a724b1bfbc0ce29deb803032c862a931c48c725e0f18fe953b427368d43096c"
  name = "github.com/antchfx/htmlquery"
  packages = ["."]
  pruneopts = "UT"
  revision = "98389addba3d9d3155171e4135bcbb67ca1740c0"

[[projects]]
  branch = "master"
  digest = "1:2dfcaf778bafe573f6b89b7a0118eff5c47cf64d3c46f2c661d825644ba00b91"
  name = "github.com/antchfx/xmlquery"
  packages = ["."]
  pruneopts = "UT"
  revision = "98cdbc3221ed492316cca5a4711e48ee0ca0dc9a"

[[projects]]
  branch = "master"
  digest = "1:607794e3030e79527e11cba224fb6db52d53c602d57879d8771c19c0e256a59d"
  name = "github.com/antchfx/xpath"
  packages = ["."]
  pruneopts = "UT"
  revision = "3de91f3991a1af6e495d49c9218318b5544b20e3"

[[projects]]
  digest = "1:289fa52f4d9e9c817a003324bc14e9339b996dbe02b9f6cfc57a9383e5365287"
  name = "github.com/docopt/docopt-go"
  packages = ["."]
  pruneopts = "UT"
  revision = "ee0de3bc6815ee19d4a46c7eb90f829db0e014b1"

[[projects]]
  digest = "1:9ae31ce33b4bab257668963e844d98765b44160be4ee98cafc44637a213e530d"
  name = "github.com/gobwas/glob"
  packages = [
    ".",
    "compiler",
    "match",
    "syntax",
    "syntax/ast",
    "syntax/lexer",
    "util/runes",
    "util/strings",
  ]
  pruneopts = "UT"
  revision = "5ccd90ef52e1e632236f7326478d4faa74f99438"
  version = "v0.2.3"

[[projects]]
  digest = "1:e306731a4078396dbd19c20ae3b33444baf44d1a707ce6aa59b7c9a06a94d16d"
  name = "github.com/gocolly/colly"
  packages = [
    ".",
    "debug",
    "storage",
  ]
  pruneopts = "UT"
  revision = "a3a4941b2de28593f1ccbec83222c29103dfad5e"
  version = "v1.1.0"

[[projects]]
  digest = "1:97df918963298c287643883209a2c3f642e6593379f97ab400c2a2e219ab647d"
  name = "github.com/golang/protobuf"
  packages = ["proto"]
  pruneopts = "UT"
  revision = "aa810b61a9c79d51363740d207bb46cf8e620ed5"
  version = "v1.2.0"

[[projects]]
  digest = "1:e30ac47ee84d7d354e0a284cf742e3015400667e90aa3d6ae99c7a55da67c645"
  name = "github.com/kennygrant/sanitize"
  packages = ["."]
  pruneopts = "UT"
  revision = "06ec0d0dbcd497d01e5189b16f5263f712e61a8e"
  version = "v1.2.4"

[[projects]]
  branch = "master"
  digest = "1:374ce4704830a7b9729d8798bcb4ac796f9c7bbb6903950ec55b71332caffe31"
  name = "github.com/saintfish/chardet"
  packages = ["."]
  pruneopts = "UT"
  revision = "3af4cd4741ca4f3eb0c407c034571a6fb0ea529c"

[[projects]]
  branch = "master"
  digest = "1:11cdcddc4e9072d0698be2a2b58b183654e1399d9c475987427ed0cb4f6f0039"
  name = "github.com/temoto/robotstxt"
  packages = ["."]
  pruneopts = "UT"
  revision = "97ee4a9ee6ea01ed0bbf0325dd789f74cac6cb94"

[[projects]]
  digest = "1:c28625428387b63dd7154eb857f51e700465cfbf7c06f619e71f2da33cefe47e"
  name = "go.etcd.io/bbolt"
  packages = ["."]
  pruneopts = "UT"
  revision = "583e8937c61f1af6513608ccc75c97b6abdf4ff9"
  version = "v1.3.0"

[[projects]]
  branch = "master"
  digest = "1:6d5ed712653ea5321fe3e3475ab2188cf362a4e0d31e9fd3acbd4dfbbca0d680"
  name = "golang.org/x/net"
  packages = [
    "context",
    "html",
    "html/atom",
    "html/charset",
  ]
  pruneopts = "UT"
  revision = "03003ca0c849e57b6ea29a4bab8d3cb6e4d568fe"

[[projects]]
  branch = "master"
  digest = "1:7ba061af4131fb44b30448572acd0d6fefbf63a61b97b7ef1dea0be5871c2742"
  name = "golang.org/x/sys"
  packages = ["unix"]
  pruneopts = "UT"
  revision = "66b7b1311ac80bbafcd2daeef9a5e6e2cd1e2399"

[[projects]]
  digest = "1:aa4d6967a3237f8367b6bf91503964a77183ecf696f1273e8ad3551bb4412b5f"
  name = "golang.org/x/text"
  packages = [
    "encoding",
    "encoding/charmap",
    "encoding/htmlindex",
    "encoding/internal",
    "encoding/internal/identifier",
    "encoding/japanese",
    "encoding/korean",
    "encoding/simplifiedchinese",
    "encoding/traditionalchinese",
    "encoding/unicode",
    "internal/gen",
    "internal/tag",
    "internal/utf8internal",
    "language",
    "runes",
    "transform",
    "unicode/cldr",
  ]
  pruneopts = "UT"
  revision = "f21a4dfb5e38f5895301dc265a8def02365cc3d0"
  version = "v0.3.0"

[[projects]]
  digest = "1:08206298775e5b462e6c0333f4471b44e63f1a70e42952b6ede4ecc9572281eb"
  name = "google.golang.org/appengine"
  packages = [
    "internal",
    "internal/base",
    "internal/datastore",
    "internal/log",
    "internal/remote_api",
    "internal/urlfetch",
    "urlfetch",
  ]
  pruneopts = "UT"
  revision = "4a4468ece617fc8205e99368fa2200e9d1fad421"
  version = "v1.3.0"

[solve-meta]
  analyzer-name = "dep"
  analyzer-version = 1
  input-imports = [
    "github.com/BurntSushi/toml",
    "github.com/docopt/docopt-go",
    "github.com/gocolly/colly",
    "go.etcd.io/bbolt",
  ]
  solver-name = "gps-cdcl"
  solver-version = 1
